// !$*UTF8*$!
{
	archiveVersion = 1;
	classes = {
	};
	objectVersion = 77;
	objects = {

/* Begin PBXBuildFile section */
		2ACCAFF03034D146005B8706 /* app-watch Watch App.app in Embed Watch Content */ = {isa = PBXBuildFile; fileRef = 2ACCAFEF3034D146005B8706 /* app-watch Watch App.app */; settings = {ATTRIBUTES = (RemoveHeadersOnCopy, ); }; };
		4B9261C8303745F800230B59 /* WidgetKit.framework in Frameworks */ = {isa = PBXBuildFile; fileRef = 4B9261C7303745F800230B59 /* WidgetKit.framework */; };
		4B9261CA303745F800230B59 /* SwiftUI.framework in Frameworks */ = {isa = PBXBuildFile; fileRef = 4B9261C9303745F800230B59 /* SwiftUI.framework */; };
		4B9261D9303745FA00230B59 /* WatchComplicationExtension.appex in Embed Foundation Extensions */ = {isa = PBXBuildFile; fileRef = 4B9261C5303745F800230B59 /* WatchComplicationExtension.appex */; settings = {ATTRIBUTES = (RemoveHeadersOnCopy, ); }; };
/* End PBXBuildFile section */

/* Begin PBXContainerItemProxy section */
		2ACCAFF13034D146005B8706 /* PBXContainerItemProxy */ = {
			isa = PBXContainerItemProxy;
			containerPortal = 2ACCAFE33034D146005B8706 /* Project object */;
			proxyType = 1;
			remoteGlobalIDString = 2ACCAFEE3034D146005B8706;
			remoteInfo = "app-watch Watch App";
		};
		4B9261D7303745FA00230B59 /* PBXContainerItemProxy */ = {
			isa = PBXContainerItemProxy;
			containerPortal = 2ACCAFE33034D146005B8706 /* Project object */;
			proxyType = 1;
			remoteGlobalIDString = 4B9261C4303745F800230B59;
			remoteInfo = WatchComplicationExtension;
		};
/* End PBXContainerItemProxy section */

/* Begin PBXCopyFilesBuildPhase section */
		2ACCAFFF3034D147005B8706 /* Embed Watch Content */ = {
			isa = PBXCopyFilesBuildPhase;
			buildActionMask = 2147483647;
			dstPath = "$(CONTENTS_FOLDER_PATH)/Watch";
			dstSubfolderSpec = 16;
			files = (
				2ACCAFF03034D146005B8706 /* app-watch Watch App.app in Embed Watch Content */,
			);
			name = "Embed Watch Content";
			runOnlyForDeploymentPostprocessing = 0;
		};
		4B9261DE303745FA00230B59 /* Embed Foundation Extensions */ = {
			isa = PBXCopyFilesBuildPhase;
			buildActionMask = 2147483647;
			dstPath = "";
			dstSubfolderSpec = 13;
			files = (
				4B9261D9303745FA00230B59 /* WatchComplicationExtension.appex in Embed Foundation Extensions */,
			);
			name = "Embed Foundation Extensions";
			runOnlyForDeploymentPostprocessing = 0;
		};
/* End PBXCopyFilesBuildPhase section */

/* Begin PBXFileReference section */
		2ACCAFE93034D146005B8706 /* app-watch.app */ = {isa = PBXFileReference; explicitFileType = wrapper.application; includeInIndex = 0; path = "app-watch.app"; sourceTree = BUILT_PRODUCTS_DIR; };
		2ACCAFEF3034D146005B8706 /* app-watch Watch App.app */ = {isa = PBXFileReference; explicitFileType = wrapper.application; includeInIndex = 0; path = "app-watch Watch App.app"; sourceTree = BUILT_PRODUCTS_DIR; };
		4B9261C5303745F800230B59 /* WatchComplicationExtension.appex */ = {isa = PBXFileReference; explicitFileType = "wrapper.app-extension"; includeInIndex = 0; path = WatchComplicationExtension.appex; sourceTree = BUILT_PRODUCTS_DIR; };
		4B9261C7303745F800230B59 /* WidgetKit.framework */ = {isa = PBXFileReference; lastKnownFileType = wrapper.framework; name = WidgetKit.framework; path = System/Library/Frameworks/WidgetKit.framework; sourceTree = SDKROOT; };
		4B9261C9303745F800230B59 /* SwiftUI.framework */ = {isa = PBXFileReference; lastKnownFileType = wrapper.framework; name = SwiftUI.framework; path = System/Library/Frameworks/SwiftUI.framework; sourceTree = SDKROOT; };
/* End PBXFileReference section */

/* Begin PBXFileSystemSynchronizedBuildFileExceptionSet section */
		4B9261373036294100230B59 /* Exceptions for "app-watch Watch App" folder in "app-watch Watch App" target */ = {
			isa = PBXFileSystemSynchronizedBuildFileExceptionSet;
			membershipExceptions = (
				Features/GuideRun/View/GuideRunView.swift,
				Features/GuideRun/ViewModel/GuideRunViewModel.swift,
			);
			target = 2ACCAFEE3034D146005B8706 /* app-watch Watch App */;
		};
		4B9261DD303745FA00230B59 /* Exceptions for "WatchComplication" folder in "WatchComplicationExtension" target */ = {
			isa = PBXFileSystemSynchronizedBuildFileExceptionSet;
			membershipExceptions = (
				Info.plist,
			);
			target = 4B9261C4303745F800230B59 /* WatchComplicationExtension */;
		};
/* End PBXFileSystemSynchronizedBuildFileExceptionSet section */

/* Begin PBXFileSystemSynchronizedGroupBuildPhaseMembershipExceptionSet section */
		4B9261383036294100230B59 /* Exceptions for "app-watch Watch App" folder in "Copy Bundle Resources" phase from "app-watch Watch App" target */ = {
			isa = PBXFileSystemSynchronizedGroupBuildPhaseMembershipExceptionSet;
			buildPhase = 2ACCAFED3034D146005B8706 /* Resources */;
			membershipExceptions = (
				Features/GuideRun/View/GuideRunView.swift,
				Features/GuideRun/ViewModel/GuideRunViewModel.swift,
			);
		};
/* End PBXFileSystemSynchronizedGroupBuildPhaseMembershipExceptionSet section */

/* Begin PBXFileSystemSynchronizedRootGroup section */
		2ACCAFF33034D146005B8706 /* app-watch Watch App */ = {
			isa = PBXFileSystemSynchronizedRootGroup;
			exceptions = (
				4B9261373036294100230B59 /* Exceptions for "app-watch Watch App" folder in "app-watch Watch App" target */,
				4B9261383036294100230B59 /* Exceptions for "app-watch Watch App" folder in "Copy Bundle Resources" phase from "app-watch Watch App" target */,
			);
			path = "app-watch Watch App";
			sourceTree = "<group>";
		};
		4B9261CB303745F800230B59 /* WatchComplication */ = {
			isa = PBXFileSystemSynchronizedRootGroup;
			exceptions = (
				4B9261DD303745FA00230B59 /* Exceptions for "WatchComplication" folder in "WatchComplicationExtension" target */,
			);
			path = WatchComplication;
			sourceTree = "<group>";
		};
/* End PBXFileSystemSynchronizedRootGroup section */

/* Begin PBXFrameworksBuildPhase section */
		2ACCAFEC3034D146005B8706 /* Frameworks */ = {
			isa = PBXFrameworksBuildPhase;
			buildActionMask = 2147483647;
			files = (
			);
			runOnlyForDeploymentPostprocessing = 0;
		};
		4B9261C2303745F800230B59 /* Frameworks */ = {
			isa = PBXFrameworksBuildPhase;
			buildActionMask = 2147483647;
			files = (
				4B9261CA303745F800230B59 /* SwiftUI.framework in Frameworks */,
				4B9261C8303745F800230B59 /* WidgetKit.framework in Frameworks */,
			);
			runOnlyForDeploymentPostprocessing = 0;
		};
/* End PBXFrameworksBuildPhase section */

/* Begin PBXGroup section */
		2ACCAFE23034D146005B8706 = {
			isa = PBXGroup;
			children = (
				2ACCAFF33034D146005B8706 /* app-watch Watch App */,
				4B9261CB303745F800230B59 /* WatchComplication */,
				4B9261C6303745F800230B59 /* Frameworks */,
				2ACCAFEA3034D146005B8706 /* Products */,
			);
			sourceTree = "<group>";
		};
		2ACCAFEA3034D146005B8706 /* Products */ = {
			isa = PBXGroup;
			children = (
				2ACCAFE93034D146005B8706 /* app-watch.app */,
				2ACCAFEF3034D146005B8706 /* app-watch Watch App.app */,
				4B9261C5303745F800230B59 /* WatchComplicationExtension.appex */,
			);
			name = Products;
			sourceTree = "<group>";
		};
		4B9261C6303745F800230B59 /* Frameworks */ = {
			isa = PBXGroup;
			children = (
				4B9261C7303745F800230B59 /* WidgetKit.framework */,
				4B9261C9303745F800230B59 /* SwiftUI.framework */,
			);
			name = Frameworks;
			sourceTree = "<group>";
		};
/* End PBXGroup section */

/* Begin PBXNativeTarget section */
		2ACCAFE83034D146005B8706 /* app-watch */ = {
			isa = PBXNativeTarget;
			buildConfigurationList = 2ACCB0003034D147005B8706 /* Build configuration list for PBXNativeTarget "app-watch" */;
			buildPhases = (
				2ACCAFE73034D146005B8706 /* Resources */,
				2ACCAFFF3034D147005B8706 /* Embed Watch Content */,
			);
			buildRules = (
			);
			dependencies = (
				2ACCAFF23034D146005B8706 /* PBXTargetDependency */,
			);
			name = "app-watch";
			packageProductDependencies = (
			);
			productName = "app-watch";
			productReference = 2ACCAFE93034D146005B8706 /* app-watch.app */;
			productType = "com.apple.product-type.application.watchapp2-container";
		};
		2ACCAFEE3034D146005B8706 /* app-watch Watch App */ = {
			isa = PBXNativeTarget;
			buildConfigurationList = 2ACCAFFC3034D147005B8706 /* Build configuration list for PBXNativeTarget "app-watch Watch App" */;
			buildPhases = (
				2ACCAFEB3034D146005B8706 /* Sources */,
				2ACCAFEC3034D146005B8706 /* Frameworks */,
				2ACCAFED3034D146005B8706 /* Resources */,
				4B9261DE303745FA00230B59 /* Embed Foundation Extensions */,
			);
			buildRules = (
			);
			dependencies = (
				4B9261D8303745FA00230B59 /* PBXTargetDependency */,
			);
			fileSystemSynchronizedGroups = (
				2ACCAFF33034D146005B8706 /* app-watch Watch App */,
			);
			name = "app-watch Watch App";
			packageProductDependencies = (
			);
			productName = "app-watch Watch App";
			productReference = 2ACCAFEF3034D146005B8706 /* app-watch Watch App.app */;
			productType = "com.apple.product-type.application";
		};
		4B9261C4303745F800230B59 /* WatchComplicationExtension */ = {
			isa = PBXNativeTarget;
			buildConfigurationList = 4B9261DA303745FA00230B59 /* Build configuration list for PBXNativeTarget "WatchComplicationExtension" */;
			buildPhases = (
				4B9261C1303745F800230B59 /* Sources */,
				4B9261C2303745F800230B59 /* Frameworks */,
				4B9261C3303745F800230B59 /* Resources */,
			);
			buildRules = (
			);
			dependencies = (
			);
			fileSystemSynchronizedGroups = (
				4B9261CB303745F800230B59 /* WatchComplication */,
			);
			name = WatchComplicationExtension;
			packageProductDependencies = (
			);
			productName = WatchComplicationExtension;
			productReference = 4B9261C5303745F800230B59 /* WatchComplicationExtension.appex */;
			productType = "com.apple.product-type.app-extension";
		};
/* End PBXNativeTarget section */

/* Begin PBXProject section */
		2ACCAFE33034D146005B8706 /* Project object */ = {
			isa = PBXProject;
			attributes = {
				BuildIndependentTargetsInParallel = 1;
				LastSwiftUpdateCheck = 2660;
				LastUpgradeCheck = 2600;
				TargetAttributes = {
					2ACCAFE83034D146005B8706 = {
						CreatedOnToolsVersion = 26.0.1;
					};
					2ACCAFEE3034D146005B8706 = {
						CreatedOnToolsVersion = 26.0.1;
					};
					4B9261C4303745F800230B59 = {
						CreatedOnToolsVersion = 26.6;
					};
				};
			};
			buildConfigurationList = 2ACCAFE63034D146005B8706 /* Build configuration list for PBXProject "app-watch" */;
			developmentRegion = en;
			hasScannedForEncodings = 0;
			knownRegions = (
				en,
				Base,
			);
			mainGroup = 2ACCAFE23034D146005B8706;
			minimizedProjectReferenceProxies = 1;
			preferredProjectObjectVersion = 77;
			productRefGroup = 2ACCAFEA3034D146005B8706 /* Products */;
			projectDirPath = "";
			projectRoot = "";
			targets = (
				2ACCAFE83034D146005B8706 /* app-watch */,
				2ACCAFEE3034D146005B8706 /* app-watch Watch App */,
				4B9261C4303745F800230B59 /* WatchComplicationExtension */,
			);
		};
/* End PBXProject section */

/* Begin PBXResourcesBuildPhase section */
		2ACCAFE73034D146005B8706 /* Resources */ = {
			isa = PBXResourcesBuildPhase;
			buildActionMask = 2147483647;
			files = (
			);
			runOnlyForDeploymentPostprocessing = 0;
		};
		2ACCAFED3034D146005B8706 /* Resources */ = {
			isa = PBXResourcesBuildPhase;
			buildActionMask = 2147483647;
			files = (
			);
			runOnlyForDeploymentPostprocessing = 0;
		};
		4B9261C3303745F800230B59 /* Resources */ = {
			isa = PBXResourcesBuildPhase;
			buildActionMask = 2147483647;
			files = (
			);
			runOnlyForDeploymentPostprocessing = 0;
		};
/* End PBXResourcesBuildPhase section */

/* Begin PBXSourcesBuildPhase section */
		2ACCAFEB3034D146005B8706 /* Sources */ = {
			isa = PBXSourcesBuildPhase;
			buildActionMask = 2147483647;
			files = (
			);
			runOnlyForDeploymentPostprocessing = 0;
		};
		4B9261C1303745F800230B59 /* Sources */ = {
			isa = PBXSourcesBuildPhase;
			buildActionMask = 2147483647;
			files = (
			);
			runOnlyForDeploymentPostprocessing = 0;
		};
/* End PBXSourcesBuildPhase section */

/* Begin PBXTargetDependency section */
		2ACCAFF23034D146005B8706 /* PBXTargetDependency */ = {
			isa = PBXTargetDependency;
			target = 2ACCAFEE3034D146005B8706 /* app-watch Watch App */;
			targetProxy = 2ACCAFF13034D146005B8706 /* PBXContainerItemProxy */;
		};
		4B9261D8303745FA00230B59 /* PBXTargetDependency */ = {
			isa = PBXTargetDependency;
			target = 4B9261C4303745F800230B59 /* WatchComplicationExtension */;
			targetProxy = 4B9261D7303745FA00230B59 /* PBXContainerItemProxy */;
		};
/* End PBXTargetDependency section */

/* Begin XCBuildConfiguration section */
		2ACCAFFA3034D147005B8706 /* Debug */ = {
			isa = XCBuildConfiguration;
			buildSettings = {
				ALWAYS_SEARCH_USER_PATHS = NO;
				ASSETCATALOG_COMPILER_GENERATE_SWIFT_ASSET_SYMBOL_EXTENSIONS = YES;
				CLANG_ANALYZER_NONNULL = YES;
				CLANG_ANALYZER_NUMBER_OBJECT_CONVERSION = YES_AGGRESSIVE;
				CLANG_CXX_LANGUAGE_STANDARD = "gnu++20";
				CLANG_ENABLE_MODULES = YES;
				CLANG_ENABLE_OBJC_ARC = YES;
				CLANG_ENABLE_OBJC_WEAK = YES;
				CLANG_WARN_BLOCK_CAPTURE_AUTORELEASING = YES;
				CLANG_WARN_BOOL_CONVERSION = YES;
				CLANG_WARN_COMMA = YES;
				CLANG_WARN_CONSTANT_CONVERSION = YES;
				CLANG_WARN_DEPRECATED_OBJC_IMPLEMENTATIONS = YES;
				CLANG_WARN_DIRECT_OBJC_ISA_USAGE = YES_ERROR;
				CLANG_WARN_DOCUMENTATION_COMMENTS = YES;
				CLANG_WARN_EMPTY_BODY = YES;
				CLANG_WARN_ENUM_CONVERSION = YES;
				CLANG_WARN_INFINITE_RECURSION = YES;
				CLANG_WARN_INT_CONVERSION = YES;
				CLANG_WARN_NON_LITERAL_NULL_CONVERSION = YES;
				CLANG_WARN_OBJC_IMPLICIT_RETAIN_SELF = YES;
				CLANG_WARN_OBJC_LITERAL_CONVERSION = YES;
				CLANG_WARN_OBJC_ROOT_CLASS = YES_ERROR;
				CLANG_WARN_QUOTED_INCLUDE_IN_FRAMEWORK_HEADER = YES;
				CLANG_WARN_RANGE_LOOP_ANALYSIS = YES;
				CLANG_WARN_STRICT_PROTOTYPES = YES;
				CLANG_WARN_SUSPICIOUS_MOVE = YES;
				CLANG_WARN_UNGUARDED_AVAILABILITY = YES_AGGRESSIVE;
				CLANG_WARN_UNREACHABLE_CODE = YES;
				CLANG_WARN__DUPLICATE_METHOD_MATCH = YES;
				COPY_PHASE_STRIP = NO;
				DEBUG_INFORMATION_FORMAT = dwarf;
				DEVELOPMENT_TEAM = TWDCHYXP2J;
				ENABLE_STRICT_OBJC_MSGSEND = YES;
				ENABLE_TESTABILITY = YES;
				ENABLE_USER_SCRIPT_SANDBOXING = YES;
				GCC_C_LANGUAGE_STANDARD = gnu17;
				GCC_DYNAMIC_NO_PIC = NO;
				GCC_NO_COMMON_BLOCKS = YES;
				GCC_OPTIMIZATION_LEVEL = 0;
				GCC_PREPROCESSOR_DEFINITIONS = (
					"DEBUG=1",
					"$(inherited)",
				);
				GCC_WARN_64_TO_32_BIT_CONVERSION = YES;
				GCC_WARN_ABOUT_RETURN_TYPE = YES_ERROR;
				GCC_WARN_UNDECLARED_SELECTOR = YES;
				GCC_WARN_UNINITIALIZED_AUTOS = YES_AGGRESSIVE;
				GCC_WARN_UNUSED_FUNCTION = YES;
				GCC_WARN_UNUSED_VARIABLE = YES;
				LOCALIZATION_PREFERS_STRING_CATALOGS = YES;
				MTL_ENABLE_DEBUG_INFO = INCLUDE_SOURCE;
				MTL_FAST_MATH = YES;
				ONLY_ACTIVE_ARCH = YES;
				SWIFT_ACTIVE_COMPILATION_CONDITIONS = "DEBUG $(inherited)";
				SWIFT_OPTIMIZATION_LEVEL = "-Onone";
			};
			name = Debug;
		};
		2ACCAFFB3034D147005B8706 /* Release */ = {
			isa = XCBuildConfiguration;
			buildSettings = {
				ALWAYS_SEARCH_USER_PATHS = NO;
				ASSETCATALOG_COMPILER_GENERATE_SWIFT_ASSET_SYMBOL_EXTENSIONS = YES;
				CLANG_ANALYZER_NONNULL = YES;
				CLANG_ANALYZER_NUMBER_OBJECT_CONVERSION = YES_AGGRESSIVE;
				CLANG_CXX_LANGUAGE_STANDARD = "gnu++20";
				CLANG_ENABLE_MODULES = YES;
				CLANG_ENABLE_OBJC_ARC = YES;
				CLANG_ENABLE_OBJC_WEAK = YES;
				CLANG_WARN_BLOCK_CAPTURE_AUTORELEASING = YES;
				CLANG_WARN_BOOL_CONVERSION = YES;
				CLANG_WARN_COMMA = YES;
				CLANG_WARN_CONSTANT_CONVERSION = YES;
				CLANG_WARN_DEPRECATED_OBJC_IMPLEMENTATIONS = YES;
				CLANG_WARN_DIRECT_OBJC_ISA_USAGE = YES_ERROR;
				CLANG_WARN_DOCUMENTATION_COMMENTS = YES;
				CLANG_WARN_EMPTY_BODY = YES;
				CLANG_WARN_ENUM_CONVERSION = YES;
				CLANG_WARN_INFINITE_RECURSION = YES;
				CLANG_WARN_INT_CONVERSION = YES;
				CLANG_WARN_NON_LITERAL_NULL_CONVERSION = YES;
				CLANG_WARN_OBJC_IMPLICIT_RETAIN_SELF = YES;
				CLANG_WARN_OBJC_LITERAL_CONVERSION = YES;
				CLANG_WARN_OBJC_ROOT_CLASS = YES_ERROR;
				CLANG_WARN_QUOTED_INCLUDE_IN_FRAMEWORK_HEADER = YES;
				CLANG_WARN_RANGE_LOOP_ANALYSIS = YES;
				CLANG_WARN_STRICT_PROTOTYPES = YES;
				CLANG_WARN_SUSPICIOUS_MOVE = YES;
				CLANG_WARN_UNGUARDED_AVAILABILITY = YES_AGGRESSIVE;
				CLANG_WARN_UNREACHABLE_CODE = YES;
				CLANG_WARN__DUPLICATE_METHOD_MATCH = YES;
				COPY_PHASE_STRIP = NO;
				DEBUG_INFORMATION_FORMAT = "dwarf-with-dsym";
				DEVELOPMENT_TEAM = TWDCHYXP2J;
				ENABLE_NS_ASSERTIONS = NO;
				ENABLE_STRICT_OBJC_MSGSEND = YES;
				ENABLE_USER_SCRIPT_SANDBOXING = YES;
				GCC_C_LANGUAGE_STANDARD = gnu17;
				GCC_NO_COMMON_BLOCKS = YES;
				GCC_WARN_64_TO_32_BIT_CONVERSION = YES;
				GCC_WARN_ABOUT_RETURN_TYPE = YES_ERROR;
				GCC_WARN_UNDECLARED_SELECTOR = YES;
				GCC_WARN_UNINITIALIZED_AUTOS = YES_AGGRESSIVE;
				GCC_WARN_UNUSED_FUNCTION = YES;
				GCC_WARN_UNUSED_VARIABLE = YES;
				LOCALIZATION_PREFERS_STRING_CATALOGS = YES;
				MTL_ENABLE_DEBUG_INFO = NO;
				MTL_FAST_MATH = YES;
				SWIFT_COMPILATION_MODE = wholemodule;
			};
			name = Release;
		};
		2ACCAFFD3034D147005B8706 /* Debug */ = {
			isa = XCBuildConfiguration;
			buildSettings = {
				ASSETCATALOG_COMPILER_APPICON_NAME = AppIcon;
				ASSETCATALOG_COMPILER_GLOBAL_ACCENT_COLOR_NAME = AccentColor;
				CODE_SIGN_STYLE = Automatic;
				CURRENT_PROJECT_VERSION = 1;
				DEVELOPMENT_TEAM = MB73MN45Q2;
				ENABLE_PREVIEWS = YES;
				GENERATE_INFOPLIST_FILE = YES;
				INFOPLIST_KEY_CFBundleDisplayName = "app-watch";
				INFOPLIST_KEY_UISupportedInterfaceOrientations = "UIInterfaceOrientationPortrait UIInterfaceOrientationPortraitUpsideDown";
				INFOPLIST_KEY_WKWatchOnly = YES;
				LD_RUNPATH_SEARCH_PATHS = (
					"$(inherited)",
					"@executable_path/Frameworks",
				);
				MARKETING_VERSION = 1.0;
				PRODUCT_BUNDLE_IDENTIFIER = "br.com.henriqenzo.app-watch.watchkitapp";
				PRODUCT_NAME = "$(TARGET_NAME)";
				SDKROOT = watchos;
				SKIP_INSTALL = YES;
				STRING_CATALOG_GENERATE_SYMBOLS = YES;
				SWIFT_APPROACHABLE_CONCURRENCY = YES;
				SWIFT_DEFAULT_ACTOR_ISOLATION = MainActor;
				SWIFT_EMIT_LOC_STRINGS = YES;
				SWIFT_UPCOMING_FEATURE_MEMBER_IMPORT_VISIBILITY = YES;
				SWIFT_VERSION = 5.0;
				TARGETED_DEVICE_FAMILY = 4;
				WATCHOS_DEPLOYMENT_TARGET = 26.0;
			};
			name = Debug;
		};
		2ACCAFFE3034D147005B8706 /* Release */ = {
			isa = XCBuildConfiguration;
			buildSettings = {
				ASSETCATALOG_COMPILER_APPICON_NAME = AppIcon;
				ASSETCATALOG_COMPILER_GLOBAL_ACCENT_COLOR_NAME = AccentColor;
				CODE_SIGN_STYLE = Automatic;
				CURRENT_PROJECT_VERSION = 1;
				DEVELOPMENT_TEAM = MB73MN45Q2;
				ENABLE_PREVIEWS = YES;
				GENERATE_INFOPLIST_FILE = YES;
				INFOPLIST_KEY_CFBundleDisplayName = "app-watch";
				INFOPLIST_KEY_UISupportedInterfaceOrientations = "UIInterfaceOrientationPortrait UIInterfaceOrientationPortraitUpsideDown";
				INFOPLIST_KEY_WKWatchOnly = YES;
				LD_RUNPATH_SEARCH_PATHS = (
					"$(inherited)",
					"@executable_path/Frameworks",
				);
				MARKETING_VERSION = 1.0;
				PRODUCT_BUNDLE_IDENTIFIER = "br.com.henriqenzo.app-watch.watchkitapp";
				PRODUCT_NAME = "$(TARGET_NAME)";
				SDKROOT = watchos;
				SKIP_INSTALL = YES;
				STRING_CATALOG_GENERATE_SYMBOLS = YES;
				SWIFT_APPROACHABLE_CONCURRENCY = YES;
				SWIFT_DEFAULT_ACTOR_ISOLATION = MainActor;
				SWIFT_EMIT_LOC_STRINGS = YES;
				SWIFT_UPCOMING_FEATURE_MEMBER_IMPORT_VISIBILITY = YES;
				SWIFT_VERSION = 5.0;
				TARGETED_DEVICE_FAMILY = 4;
				VALIDATE_PRODUCT = YES;
				WATCHOS_DEPLOYMENT_TARGET = 26.0;
			};
			name = Release;
		};
		2ACCB0013034D147005B8706 /* Debug */ = {
			isa = XCBuildConfiguration;
			buildSettings = {
				CODE_SIGN_STYLE = Automatic;
				CURRENT_PROJECT_VERSION = 1;
				DEVELOPMENT_TEAM = MB73MN45Q2;
				INFOPLIST_KEY_CFBundleDisplayName = "app-watch";
				MARKETING_VERSION = 1.0;
				PRODUCT_BUNDLE_IDENTIFIER = "br.com.henriqenzo.app-watch";
				PRODUCT_NAME = "$(TARGET_NAME)";
				SDKROOT = iphoneos;
				SWIFT_APPROACHABLE_CONCURRENCY = YES;
				SWIFT_UPCOMING_FEATURE_MEMBER_IMPORT_VISIBILITY = YES;
				SWIFT_VERSION = 5.0;
			};
			name = Debug;
		};
		2ACCB0023034D147005B8706 /* Release */ = {
			isa = XCBuildConfiguration;
			buildSettings = {
				CODE_SIGN_STYLE = Automatic;
				CURRENT_PROJECT_VERSION = 1;
				DEVELOPMENT_TEAM = MB73MN45Q2;
				INFOPLIST_KEY_CFBundleDisplayName = "app-watch";
				MARKETING_VERSION = 1.0;
				PRODUCT_BUNDLE_IDENTIFIER = "br.com.henriqenzo.app-watch";
				PRODUCT_NAME = "$(TARGET_NAME)";
				SDKROOT = iphoneos;
				SWIFT_APPROACHABLE_CONCURRENCY = YES;
				SWIFT_UPCOMING_FEATURE_MEMBER_IMPORT_VISIBILITY = YES;
				SWIFT_VERSION = 5.0;
				VALIDATE_PRODUCT = YES;
			};
			name = Release;
		};
		4B9261DB303745FA00230B59 /* Debug */ = {
			isa = XCBuildConfiguration;
			buildSettings = {
				ASSETCATALOG_COMPILER_GLOBAL_ACCENT_COLOR_NAME = AccentColor;
				ASSETCATALOG_COMPILER_WIDGET_BACKGROUND_COLOR_NAME = WidgetBackground;
				CODE_SIGN_STYLE = Automatic;
				CURRENT_PROJECT_VERSION = 1;
				DEVELOPMENT_TEAM = MB73MN45Q2;
				GENERATE_INFOPLIST_FILE = YES;
				INFOPLIST_FILE = WatchComplication/Info.plist;
				INFOPLIST_KEY_CFBundleDisplayName = WatchComplication;
				INFOPLIST_KEY_NSHumanReadableCopyright = "";
				LD_RUNPATH_SEARCH_PATHS = (
					"$(inherited)",
					"@executable_path/Frameworks",
					"@executable_path/../../Frameworks",
					"@executable_path/../../../../Frameworks",
				);
				MARKETING_VERSION = 1.0;
				PRODUCT_BUNDLE_IDENTIFIER = "br.com.henriqenzo.app-watch.watchkitapp.WatchComplication";
				PRODUCT_NAME = "$(TARGET_NAME)";
				SDKROOT = watchos;
				SKIP_INSTALL = YES;
				STRING_CATALOG_GENERATE_SYMBOLS = YES;
				SWIFT_APPROACHABLE_CONCURRENCY = YES;
				SWIFT_EMIT_LOC_STRINGS = YES;
				SWIFT_UPCOMING_FEATURE_MEMBER_IMPORT_VISIBILITY = YES;
				SWIFT_VERSION = 5.0;
				TARGETED_DEVICE_FAMILY = 4;
				WATCHOS_DEPLOYMENT_TARGET = 26.5;
			};
			name = Debug;
		};
		4B9261DC303745FA00230B59 /* Release */ = {
			isa = XCBuildConfiguration;
			buildSettings = {
				ASSETCATALOG_COMPILER_GLOBAL_ACCENT_COLOR_NAME = AccentColor;
				ASSETCATALOG_COMPILER_WIDGET_BACKGROUND_COLOR_NAME = WidgetBackground;
				CODE_SIGN_STYLE = Automatic;
				CURRENT_PROJECT_VERSION = 1;
				DEVELOPMENT_TEAM = MB73MN45Q2;
				GENERATE_INFOPLIST_FILE = YES;
				INFOPLIST_FILE = WatchComplication/Info.plist;
				INFOPLIST_KEY_CFBundleDisplayName = WatchComplication;
				INFOPLIST_KEY_NSHumanReadableCopyright = "";
				LD_RUNPATH_SEARCH_PATHS = (
					"$(inherited)",
					"@executable_path/Frameworks",
					"@executable_path/../../Frameworks",
					"@executable_path/../../../../Frameworks",
				);
				MARKETING_VERSION = 1.0;
				PRODUCT_BUNDLE_IDENTIFIER = "br.com.henriqenzo.app-watch.watchkitapp.WatchComplication";
				PRODUCT_NAME = "$(TARGET_NAME)";
				SDKROOT = watchos;
				SKIP_INSTALL = YES;
				STRING_CATALOG_GENERATE_SYMBOLS = YES;
				SWIFT_APPROACHABLE_CONCURRENCY = YES;
				SWIFT_EMIT_LOC_STRINGS = YES;
				SWIFT_UPCOMING_FEATURE_MEMBER_IMPORT_VISIBILITY = YES;
				SWIFT_VERSION = 5.0;
				TARGETED_DEVICE_FAMILY = 4;
				VALIDATE_PRODUCT = YES;
				WATCHOS_DEPLOYMENT_TARGET = 26.5;
			};
			name = Release;
		};
/* End XCBuildConfiguration section */

/* Begin XCConfigurationList section */
		2ACCAFE63034D146005B8706 /* Build configuration list for PBXProject "app-watch" */ = {
			isa = XCConfigurationList;
			buildConfigurations = (
				2ACCAFFA3034D147005B8706 /* Debug */,
				2ACCAFFB3034D147005B8706 /* Release */,
			);
			defaultConfigurationIsVisible = 0;
			defaultConfigurationName = Release;
		};
		2ACCAFFC3034D147005B8706 /* Build configuration list for PBXNativeTarget "app-watch Watch App" */ = {
			isa = XCConfigurationList;
			buildConfigurations = (
				2ACCAFFD3034D147005B8706 /* Debug */,
				2ACCAFFE3034D147005B8706 /* Release */,
			);
			defaultConfigurationIsVisible = 0;
			defaultConfigurationName = Release;
		};
		2ACCB0003034D147005B8706 /* Build configuration list for PBXNativeTarget "app-watch" */ = {
			isa = XCConfigurationList;
			buildConfigurations = (
				2ACCB0013034D147005B8706 /* Debug */,
				2ACCB0023034D147005B8706 /* Release */,
			);
			defaultConfigurationIsVisible = 0;
			defaultConfigurationName = Release;
		};
		4B9261DA303745FA00230B59 /* Build configuration list for PBXNativeTarget "WatchComplicationExtension" */ = {
			isa = XCConfigurationList;
			buildConfigurations = (
				4B9261DB303745FA00230B59 /* Debug */,
				4B9261DC303745FA00230B59 /* Release */,
			);
			defaultConfigurationIsVisible = 0;
			defaultConfigurationName = Release;
		};
/* End XCConfigurationList section */
	};
	rootObject = 2ACCAFE33034D146005B8706 /* Project object */;
}
